{
  "lockfile-version": 1,
  "manifest": {
    "version": 1,
    "install": {
      "awscli2": {
        "pkg-path": "awscli2"
      },
      "gcc": {
        "pkg-path": "gcc"
      },
      "gnumake": {
        "pkg-path": "gnumake"
      },
      "go": {
        "pkg-path": "go"
      },
      "golint": {
        "pkg-path": "golint"
      }
    },
    "hook": {},
    "profile": {
      "common": "  # Autogenerated by Flox\n\n  # Point GOENV to Flox environment cache\n  export GOENV=\"$FLOX_ENV_CACHE/goenv\"\n\n  # Install Go dependencies\n  go get .\n\n  # End autogenerated by Flox\n"
    },
    "options": {
      "systems": [
        "aarch64-darwin",
        "x86_64-linux"
      ]
    }
  },
  "packages": [
    {
      "attr_path": "awscli2",
      "broken": false,
      "derivation": "/nix/store/99c771kp8jdgnp7ymgm414v1s6qvp0fd-awscli2-2.33.2.drv",
      "description": "Unified tool to manage your AWS services",
      "install_id": "awscli2",
      "license": "Apache-2.0",
      "locked_url": "https://github.com/flox/nixpkgs?rev=d6c71932130818840fc8fe9509cf50be8c64634f",
      "name": "awscli2-2.33.2",
      "pname": "awscli2",
      "rev": "d6c71932130818840fc8fe9509cf50be8c64634f",
      "rev_count": 942779,
      "rev_date": "2026-02-08T14:52:16Z",
      "scrape_date": "2026-02-09T04:38:28.166282Z",
      "stabilities": [
        "unstable"
      ],
      "unfree": false,
      "version": "2.33.2",
      "outputs_to_install": [
        "out"
      ],
      "outputs": {
        "dist": "/nix/store/qf0ylzfbs04id336lpk5p447xg3pbiwb-awscli2-2.33.2-dist",
        "out": "/nix/store/6812vpz14kjmdg44zk6rd68pigjm1ppf-awscli2-2.33.2"
      },
      "system": "aarch64-darwin",
      "group": "toplevel",
      "priority": 5
    },
    {
      "attr_path": "awscli2",
      "broken": false,
      "derivation": "/nix/store/pj70p01i3y853f248fxnn4g5vv16kxcs-awscli2-2.33.2.drv",
      "description": "Unified tool to manage your AWS services",
      "install_id": "awscli2",
      "license": "Apache-2.0",
      "locked_url": "https://github.com/flox/nixpkgs?rev=d6c71932130818840fc8fe9509cf50be8c64634f",
      "name": "awscli2-2.33.2",
      "pname": "awscli2",
      "rev": "d6c71932130818840fc8fe9509cf50be8c64634f",
      "rev_count": 942779,
      "rev_date": "2026-02-08T14:52:16Z",
      "scrape_date": "2026-02-09T06:20:16.042135Z",
      "stabilities": [
        "unstable"
      ],
      "unfree": false,
      "version": "2.33.2",
      "outputs_to_install": [
        "out"
      ],
      "outputs": {
        "dist": "/nix/store/z8id4ydz5b8gnqkx2jddx5hpc91k58rq-awscli2-2.33.2-dist",
        "out": "/nix/store/qwl18in1xxa7l31wzq4vl1qd45jgrkm8-awscli2-2.33.2"
      },
      "system": "x86_64-linux",
      "group": "toplevel",
      "priority": 5
    },
    {
      "attr_path": "gcc",
      "broken": false,
      "derivation": "/nix/store/g85mgqp82xzpvd9yy1sbvn3kpakn0j0r-gcc-wrapper-15.2.0.drv",
      "description": "GNU Compiler Collection, version 15.2.0 (wrapper script)",
      "install_id": "gcc",
      "license": "GPL-3.0-or-later",
      "locked_url": "https://github.com/flox/nixpkgs?rev=d6c71932130818840fc8fe9509cf50be8c64634f",
      "name": "gcc-wrapper-15.2.0",
      "pname": "gcc",
      "rev": "d6c71932130818840fc8fe9509cf50be8c64634f",
      "rev_count": 942779,
      "rev_date": "2026-02-08T14:52:16Z",
      "scrape_date": "2026-02-09T04:38:29.239933Z",
      "stabilities": [
        "unstable"
      ],
      "unfree": false,
      "version": "15.2.0",
      "outputs_to_install": [
        "man",
        "out"
      ],
      "outputs": {
        "info": "/nix/store/4grmw25w5vddbzfzsf2fx2d3abs9axlv-gcc-wrapper-15.2.0-info",
        "man": "/nix/store/sbyrswi6n263imfw4n474k97qlkc9fp4-gcc-wrapper-15.2.0-man",
        "out": "/nix/store/ma96zyr88min916scxhygvw7w99jrflz-gcc-wrapper-15.2.0"
      },
      "system": "aarch64-darwin",
      "group": "toplevel",
      "priority": 5
    },
    {
      "attr_path": "gcc",
      "broken": false,
      "derivation": "/nix/store/ilxab5sggh9gxs5f36w9inhzhsr20pya-gcc-wrapper-15.2.0.drv",
      "description": "GNU Compiler Collection, version 15.2.0 (wrapper script)",
      "install_id": "gcc",
      "license": "GPL-3.0-or-later",
      "locked_url": "https://github.com/flox/nixpkgs?rev=d6c71932130818840fc8fe9509cf50be8c64634f",
      "name": "gcc-wrapper-15.2.0",
      "pname": "gcc",
      "rev": "d6c71932130818840fc8fe9509cf50be8c64634f",
      "rev_count": 942779,
      "rev_date": "2026-02-08T14:52:16Z",
      "scrape_date": "2026-02-09T06:20:17.829816Z",
      "stabilities": [
        "unstable"
      ],
      "unfree": false,
      "version": "15.2.0",
      "outputs_to_install": [
        "man",
        "man",
        "out",
        "out",
        "out"
      ],
      "outputs": {
        "info": "/nix/store/m1x7c684wrcyic4jbijyadapnm7zj33q-gcc-wrapper-15.2.0-info",
        "man": "/nix/store/578hg40df89239rl4921nb3gdfjnm82c-gcc-wrapper-15.2.0-man",
        "out": "/nix/store/a245z3cvf9x9sn0xlk6k8j9xhxbhda1z-gcc-wrapper-15.2.0"
      },
      "system": "x86_64-linux",
      "group": "toplevel",
      "priority": 5
    },
    {
      "attr_path": "gnumake",
      "broken": false,
      "derivation": "/nix/store/2x0iq3b0ldv411ld1i6a9ma8dh182h14-gnumake-4.4.1.drv",
      "description": "Tool to control the generation of non-source files from sources",
      "install_id": "gnumake",
      "license": "GPL-3.0-or-later",
      "locked_url": "https://github.com/flox/nixpkgs?rev=d6c71932130818840fc8fe9509cf50be8c64634f",
      "name": "gnumake-4.4.1",
      "pname": "gnumake",
      "rev": "d6c71932130818840fc8fe9509cf50be8c64634f",
      "rev_count": 942779,
      "rev_date": "2026-02-08T14:52:16Z",
      "scrape_date": "2026-02-09T04:38:29.435885Z",
      "stabilities": [
        "unstable"
      ],
      "unfree": false,
      "version": "4.4.1",
      "outputs_to_install": [
        "man",
        "out"
      ],
      "outputs": {
        "doc": "/nix/store/8cnmyqhnlxpl7k9z15cridfdd9kka64b-gnumake-4.4.1-doc",
        "info": "/nix/store/jar06k1k53zsig2iah8vaw1y9r0wxa55-gnumake-4.4.1-info",
        "man": "/nix/store/2cd4idcvj4fnn4ss1ffz9fqagfhvjpy1-gnumake-4.4.1-man",
        "out": "/nix/store/cz4rjcd28s9qqk2zcnn9d8pgs5l6qqy9-gnumake-4.4.1"
      },
      "system": "aarch64-darwin",
      "group": "toplevel",
      "priority": 5
    },
    {
      "attr_path": "gnumake",
      "broken": false,
      "derivation": "/nix/store/cy06y5fkvbiif016ab9icsj7vqyyiky1-gnumake-4.4.1.drv",
      "description": "Tool to control the generation of non-source files from sources",
      "install_id": "gnumake",
      "license": "GPL-3.0-or-later",
      "locked_url": "https://github.com/flox/nixpkgs?rev=d6c71932130818840fc8fe9509cf50be8c64634f",
      "name": "gnumake-4.4.1",
      "pname": "gnumake",
      "rev": "d6c71932130818840fc8fe9509cf50be8c64634f",
      "rev_count": 942779,
      "rev_date": "2026-02-08T14:52:16Z",
      "scrape_date": "2026-02-09T06:20:18.591121Z",
      "stabilities": [
        "unstable"
      ],
      "unfree": false,
      "version": "4.4.1",
      "outputs_to_install": [
        "man",
        "out"
      ],
      "outputs": {
        "debug": "/nix/store/fa0f3msdrc5il96nn5qvrbhf6779vvh1-gnumake-4.4.1-debug",
        "doc": "/nix/store/j2vz6gm38023yfg359cnawzvabqc0w9v-gnumake-4.4.1-doc",
        "info": "/nix/store/2pqq9mdchp0s0cgl1qqql38v502kbdi1-gnumake-4.4.1-info",
        "man": "/nix/store/an38a5jy0ivp1504yjbzgl4prvhjnix7-gnumake-4.4.1-man",
        "out": "/nix/store/5lyy21zm97pj8l67r2xapdkxpxb6v6y0-gnumake-4.4.1"
      },
      "system": "x86_64-linux",
      "group": "toplevel",
      "priority": 5
    },
    {
      "attr_path": "go",
      "broken": false,
      "derivation": "/nix/store/h19kjqi10ynjk0i6scllhv82gx45p58w-go-1.25.5.drv",
      "description": "Go Programming language",
      "install_id": "go",
      "license": "BSD-3-Clause",
      "locked_url": "https://github.com/flox/nixpkgs?rev=d6c71932130818840fc8fe9509cf50be8c64634f",
      "name": "go-1.25.5",
      "pname": "go",
      "rev": "d6c71932130818840fc8fe9509cf50be8c64634f",
      "rev_count": 942779,
      "rev_date": "2026-02-08T14:52:16Z",
      "scrape_date": "2026-02-09T04:38:29.444520Z",
      "stabilities": [
        "unstable"
      ],
      "unfree": false,
      "version": "1.25.5",
      "outputs_to_install": [
        "out"
      ],
      "outputs": {
        "out": "/nix/store/wh88zz6r1ihcp2mm7ys1f2anp8aga6n2-go-1.25.5"
      },
      "system": "aarch64-darwin",
      "group": "toplevel",
      "priority": 5
    },
    {
      "attr_path": "go",
      "broken": false,
      "derivation": "/nix/store/3xvlqyw28f7hk7qmk3f18pzi6c7ymzy8-go-1.25.5.drv",
      "description": "Go Programming language",
      "install_id": "go",
      "license": "BSD-3-Clause",
      "locked_url": "https://github.com/flox/nixpkgs?rev=d6c71932130818840fc8fe9509cf50be8c64634f",
      "name": "go-1.25.5",
      "pname": "go",
      "rev": "d6c71932130818840fc8fe9509cf50be8c64634f",
      "rev_count": 942779,
      "rev_date": "2026-02-08T14:52:16Z",
      "scrape_date": "2026-02-09T06:20:18.606309Z",
      "stabilities": [
        "unstable"
      ],
      "unfree": false,
      "version": "1.25.5",
      "outputs_to_install": [
        "out",
        "out",
        "out"
      ],
      "outputs": {
        "out": "/nix/store/zzvsjgylnphvhms3lgr2qlwdxmc68z66-go-1.25.5"
      },
      "system": "x86_64-linux",
      "group": "toplevel",
      "priority": 5
    },
    {
      "attr_path": "golint",
      "broken": false,
      "derivation": "/nix/store/sg6j5bq5pib6dqayrjb6d4ckj94vk4nd-golint-unstable-2020-12-08.drv",
      "description": "Linter for Go source code",
      "install_id": "golint",
      "license": "BSD-3-Clause",
      "locked_url": "https://github.com/flox/nixpkgs?rev=d6c71932130818840fc8fe9509cf50be8c64634f",
      "name": "golint-unstable-2020-12-08",
      "pname": "golint",
      "rev": "d6c71932130818840fc8fe9509cf50be8c64634f",
      "rev_count": 942779,
      "rev_date": "2026-02-08T14:52:16Z",
      "scrape_date": "2026-02-09T04:38:29.507496Z",
      "stabilities": [
        "unstable"
      ],
      "unfree": false,
      "version": "2020-12-08",
      "outputs_to_install": [
        "out"
      ],
      "outputs": {
        "out": "/nix/store/n2hqcb11p20a357gs48yn28x1k102m79-golint-unstable-2020-12-08"
      },
      "system": "aarch64-darwin",
      "group": "toplevel",
      "priority": 5
    },
    {
      "attr_path": "golint",
      "broken": false,
      "derivation": "/nix/store/f33825i8rbakdjb13r48hvlqzd3cjkwg-golint-unstable-2020-12-08.drv",
      "description": "Linter for Go source code",
      "install_id": "golint",
      "license": "BSD-3-Clause",
      "locked_url": "https://github.com/flox/nixpkgs?rev=d6c71932130818840fc8fe9509cf50be8c64634f",
      "name": "golint-unstable-2020-12-08",
      "pname": "golint",
      "rev": "d6c71932130818840fc8fe9509cf50be8c64634f",
      "rev_count": 942779,
      "rev_date": "2026-02-08T14:52:16Z",
      "scrape_date": "2026-02-09T06:20:18.706608Z",
      "stabilities": [
        "unstable"
      ],
      "unfree": false,
      "version": "2020-12-08",
      "outputs_to_install": [
        "out"
      ],
      "outputs": {
        "out": "/nix/store/47f6qvpdglhxqb4vx192sngxgkj2nz2r-golint-unstable-2020-12-08"
      },
      "system": "x86_64-linux",
      "group": "toplevel",
      "priority": 5
    }
  ]
}
